
Microsoft Visual Studio Solution File, Format Version 12.00
# Visual Studio Version 16
VisualStudioVersion = 16.0.29201.188
MinimumVisualStudioVersion = 10.0.40219.1
Project("{FAE04EC0-301F-11D3-BF4B-00C04F79EFBC}") = "Acmedrill", "Acmedrill\Acmedrill.csproj", "{2C4F8A62-4A4E-4300-A90B-AA828A36B1A7}"
EndProject
Global
	GlobalSection(SolutionConfigurationPlatforms) = preSolution
		Debug|Any CPU = Debug|Any CPU
		Release|Any CPU = Release|Any CPU
	EndGlobalSection
	GlobalSection(ProjectConfigurationPlatforms) = postSolution
		{2C4F8A62-4A4E-4300-A90B-AA828A36B1A7}.Debug|Any CPU.ActiveCfg = Debug|Any CPU
		{2C4F8A62-4A4E-4300-A90B-AA828A36B1A7}.Debug|Any CPU.Build.0 = Debug|Any CPU
		{2C4F8A62-4A4E-4300-A90B-AA828A36B1A7}.Release|Any CPU.ActiveCfg = Release|Any CPU
		{2C4F8A62-4A4E-4300-A90B-AA828A36B1A7}.Release|Any CPU.Build.0 = Release|Any CPU
	EndGlobalSection
	GlobalSection(SolutionProperties) = preSolution
		HideSolutionNode = FALSE
	EndGlobalSection
	GlobalSection(ExtensibilityGlobals) = postSolution
		SolutionGuid = {C253E8C9-B8D5-4542-9D3F-F30A2B9E93C6}
	EndGlobalSection
EndGlobal
