
Microsoft Visual Studio Solution File, Format Version 12.00
# Visual Studio Version 16
VisualStudioVersion = 16.0.29209.62
MinimumVisualStudioVersion = 10.0.40219.1
Project("{FAE04EC0-301F-11D3-BF4B-00C04F79EFBC}") = "whileStatement", "whileStatement\whileStatement.csproj", "{CE82A306-0814-4F83-8DF5-A6B1ED5F2F4F}"
EndProject
Global
	GlobalSection(SolutionConfigurationPlatforms) = preSolution
		Debug|Any CPU = Debug|Any CPU
		Release|Any CPU = Release|Any CPU
	EndGlobalSection
	GlobalSection(ProjectConfigurationPlatforms) = postSolution
		{CE82A306-0814-4F83-8DF5-A6B1ED5F2F4F}.Debug|Any CPU.ActiveCfg = Debug|Any CPU
		{CE82A306-0814-4F83-8DF5-A6B1ED5F2F4F}.Debug|Any CPU.Build.0 = Debug|Any CPU
		{CE82A306-0814-4F83-8DF5-A6B1ED5F2F4F}.Release|Any CPU.ActiveCfg = Release|Any CPU
		{CE82A306-0814-4F83-8DF5-A6B1ED5F2F4F}.Release|Any CPU.Build.0 = Release|Any CPU
	EndGlobalSection
	GlobalSection(SolutionProperties) = preSolution
		HideSolutionNode = FALSE
	EndGlobalSection
	GlobalSection(ExtensibilityGlobals) = postSolution
		SolutionGuid = {7CB17270-6722-47AD-9F70-91396D84E0C3}
	EndGlobalSection
EndGlobal
