
Microsoft Visual Studio Solution File, Format Version 12.00
# Visual Studio Version 16
VisualStudioVersion = 16.0.29209.62
MinimumVisualStudioVersion = 10.0.40219.1
Project("{FAE04EC0-301F-11D3-BF4B-00C04F79EFBC}") = "structDrill", "structDrill\structDrill.csproj", "{17ADD26F-747B-4415-B962-5C7DAC7A7423}"
EndProject
Global
	GlobalSection(SolutionConfigurationPlatforms) = preSolution
		Debug|Any CPU = Debug|Any CPU
		Release|Any CPU = Release|Any CPU
	EndGlobalSection
	GlobalSection(ProjectConfigurationPlatforms) = postSolution
		{17ADD26F-747B-4415-B962-5C7DAC7A7423}.Debug|Any CPU.ActiveCfg = Debug|Any CPU
		{17ADD26F-747B-4415-B962-5C7DAC7A7423}.Debug|Any CPU.Build.0 = Debug|Any CPU
		{17ADD26F-747B-4415-B962-5C7DAC7A7423}.Release|Any CPU.ActiveCfg = Release|Any CPU
		{17ADD26F-747B-4415-B962-5C7DAC7A7423}.Release|Any CPU.Build.0 = Release|Any CPU
	EndGlobalSection
	GlobalSection(SolutionProperties) = preSolution
		HideSolutionNode = FALSE
	EndGlobalSection
	GlobalSection(ExtensibilityGlobals) = postSolution
		SolutionGuid = {B548ACA8-6BB9-41CE-8A3C-ECA2720774D4}
	EndGlobalSection
EndGlobal
